
Microsoft Visual Studio Solution File, Format Version 12.00
# Visual Studio Version 16
VisualStudioVersion = 16.0.31410.357
MinimumVisualStudioVersion = 15.0.26124.0
Project("{2150E333-8FDC-42A3-9474-1A3956D46DE8}") = "src", "src", "{68E8EB20-4AD9-41CF-95D4-1F44534635B5}"
EndProject
Project("{9A19103F-16F7-4668-BE54-9A1E7A4F7556}") = "Template.Api", "src\Template.Api\Template.Api.csproj", "{0E075225-0B5C-4435-A159-FB7AD090CF15}"
EndProject
Project("{9A19103F-16F7-4668-BE54-9A1E7A4F7556}") = "Template.Application", "src\Template.Application\Template.Application.csproj", "{DE0FD54B-39B4-41B4-BD05-0D07D51C87F3}"
EndProject
Project("{9A19103F-16F7-4668-BE54-9A1E7A4F7556}") = "Template.Domain", "src\Template.Domain\Template.Domain.csproj", "{FC8E8672-EE1C-4924-B025-985B222941E8}"
EndProject
Project("{9A19103F-16F7-4668-BE54-9A1E7A4F7556}") = "Template.Infrastructure", "src\Template.Infrastructure\Template.Infrastructure.csproj", "{D16C0BDF-9D13-4403-A196-4B5E9281099F}"
EndProject
Project("{9A19103F-16F7-4668-BE54-9A1E7A4F7556}") = "Template.CrossCutting", "src\Template.CrossCutting\Template.CrossCutting.csproj", "{18172765-6300-4357-95ED-0E445042220B}"
EndProject
Project("{2150E333-8FDC-42A3-9474-1A3956D46DE8}") = "test", "test", "{A5158599-C1D9-479A-AB68-E8BE3C293389}"
EndProject
Project("{2150E333-8FDC-42A3-9474-1A3956D46DE8}") = "integrado", "integrado", "{D68E5C90-79C0-423F-9D29-0369E8CD30BA}"
EndProject
Project("{9A19103F-16F7-4668-BE54-9A1E7A4F7556}") = "Template.IntegrationTest", "test\integrado\Template.IntegrationTest\Template.IntegrationTest.csproj", "{1E28DE7C-7AB8-46E2-BF3E-38B1ABE4C3DE}"
EndProject
Project("{2150E333-8FDC-42A3-9474-1A3956D46DE8}") = "unitario", "unitario", "{BE5F7289-3C4E-492B-A79B-862A1FD3A21C}"
EndProject
Project("{9A19103F-16F7-4668-BE54-9A1E7A4F7556}") = "Template.UnitTest", "test\unitario\Template.UnitTest\Template.UnitTest.csproj", "{D0B0EDFD-0F13-48E5-86E1-0B6A81CECD3C}"
EndProject
Project("{9A19103F-16F7-4668-BE54-9A1E7A4F7556}") = "Template.Batch", "src\Template.Batch\Template.Batch.csproj", "{C5220A97-3C38-4F98-A970-6DCA8ED2A0ED}"
EndProject
Global
	GlobalSection(SolutionConfigurationPlatforms) = preSolution
		Debug|Any CPU = Debug|Any CPU
		Debug|x64 = Debug|x64
		Debug|x86 = Debug|x86
		Release|Any CPU = Release|Any CPU
		Release|x64 = Release|x64
		Release|x86 = Release|x86
	EndGlobalSection
	GlobalSection(ProjectConfigurationPlatforms) = postSolution
		{0E075225-0B5C-4435-A159-FB7AD090CF15}.Debug|Any CPU.ActiveCfg = Debug|Any CPU
		{0E075225-0B5C-4435-A159-FB7AD090CF15}.Debug|Any CPU.Build.0 = Debug|Any CPU
		{0E075225-0B5C-4435-A159-FB7AD090CF15}.Debug|x64.ActiveCfg = Debug|Any CPU
		{0E075225-0B5C-4435-A159-FB7AD090CF15}.Debug|x64.Build.0 = Debug|Any CPU
		{0E075225-0B5C-4435-A159-FB7AD090CF15}.Debug|x86.ActiveCfg = Debug|Any CPU
		{0E075225-0B5C-4435-A159-FB7AD090CF15}.Debug|x86.Build.0 = Debug|Any CPU
		{0E075225-0B5C-4435-A159-FB7AD090CF15}.Release|Any CPU.ActiveCfg = Release|Any CPU
		{0E075225-0B5C-4435-A159-FB7AD090CF15}.Release|Any CPU.Build.0 = Release|Any CPU
		{0E075225-0B5C-4435-A159-FB7AD090CF15}.Release|x64.ActiveCfg = Release|Any CPU
		{0E075225-0B5C-4435-A159-FB7AD090CF15}.Release|x64.Build.0 = Release|Any CPU
		{0E075225-0B5C-4435-A159-FB7AD090CF15}.Release|x86.ActiveCfg = Release|Any CPU
		{0E075225-0B5C-4435-A159-FB7AD090CF15}.Release|x86.Build.0 = Release|Any CPU
		{DE0FD54B-39B4-41B4-BD05-0D07D51C87F3}.Debug|Any CPU.ActiveCfg = Debug|Any CPU
		{DE0FD54B-39B4-41B4-BD05-0D07D51C87F3}.Debug|Any CPU.Build.0 = Debug|Any CPU
		{DE0FD54B-39B4-41B4-BD05-0D07D51C87F3}.Debug|x64.ActiveCfg = Debug|Any CPU
		{DE0FD54B-39B4-41B4-BD05-0D07D51C87F3}.Debug|x64.Build.0 = Debug|Any CPU
		{DE0FD54B-39B4-41B4-BD05-0D07D51C87F3}.Debug|x86.ActiveCfg = Debug|Any CPU
		{DE0FD54B-39B4-41B4-BD05-0D07D51C87F3}.Debug|x86.Build.0 = Debug|Any CPU
		{DE0FD54B-39B4-41B4-BD05-0D07D51C87F3}.Release|Any CPU.ActiveCfg = Release|Any CPU
		{DE0FD54B-39B4-41B4-BD05-0D07D51C87F3}.Release|Any CPU.Build.0 = Release|Any CPU
		{DE0FD54B-39B4-41B4-BD05-0D07D51C87F3}.Release|x64.ActiveCfg = Release|Any CPU
		{DE0FD54B-39B4-41B4-BD05-0D07D51C87F3}.Release|x64.Build.0 = Release|Any CPU
		{DE0FD54B-39B4-41B4-BD05-0D07D51C87F3}.Release|x86.ActiveCfg = Release|Any CPU
		{DE0FD54B-39B4-41B4-BD05-0D07D51C87F3}.Release|x86.Build.0 = Release|Any CPU
		{FC8E8672-EE1C-4924-B025-985B222941E8}.Debug|Any CPU.ActiveCfg = Debug|Any CPU
		{FC8E8672-EE1C-4924-B025-985B222941E8}.Debug|Any CPU.Build.0 = Debug|Any CPU
		{FC8E8672-EE1C-4924-B025-985B222941E8}.Debug|x64.ActiveCfg = Debug|Any CPU
		{FC8E8672-EE1C-4924-B025-985B222941E8}.Debug|x64.Build.0 = Debug|Any CPU
		{FC8E8672-EE1C-4924-B025-985B222941E8}.Debug|x86.ActiveCfg = Debug|Any CPU
		{FC8E8672-EE1C-4924-B025-985B222941E8}.Debug|x86.Build.0 = Debug|Any CPU
		{FC8E8672-EE1C-4924-B025-985B222941E8}.Release|Any CPU.ActiveCfg = Release|Any CPU
		{FC8E8672-EE1C-4924-B025-985B222941E8}.Release|Any CPU.Build.0 = Release|Any CPU
		{FC8E8672-EE1C-4924-B025-985B222941E8}.Release|x64.ActiveCfg = Release|Any CPU
		{FC8E8672-EE1C-4924-B025-985B222941E8}.Release|x64.Build.0 = Release|Any CPU
		{FC8E8672-EE1C-4924-B025-985B222941E8}.Release|x86.ActiveCfg = Release|Any CPU
		{FC8E8672-EE1C-4924-B025-985B222941E8}.Release|x86.Build.0 = Release|Any CPU
		{D16C0BDF-9D13-4403-A196-4B5E9281099F}.Debug|Any CPU.ActiveCfg = Debug|Any CPU
		{D16C0BDF-9D13-4403-A196-4B5E9281099F}.Debug|Any CPU.Build.0 = Debug|Any CPU
		{D16C0BDF-9D13-4403-A196-4B5E9281099F}.Debug|x64.ActiveCfg = Debug|Any CPU
		{D16C0BDF-9D13-4403-A196-4B5E9281099F}.Debug|x64.Build.0 = Debug|Any CPU
		{D16C0BDF-9D13-4403-A196-4B5E9281099F}.Debug|x86.ActiveCfg = Debug|Any CPU
		{D16C0BDF-9D13-4403-A196-4B5E9281099F}.Debug|x86.Build.0 = Debug|Any CPU
		{D16C0BDF-9D13-4403-A196-4B5E9281099F}.Release|Any CPU.ActiveCfg = Release|Any CPU
		{D16C0BDF-9D13-4403-A196-4B5E9281099F}.Release|Any CPU.Build.0 = Release|Any CPU
		{D16C0BDF-9D13-4403-A196-4B5E9281099F}.Release|x64.ActiveCfg = Release|Any CPU
		{D16C0BDF-9D13-4403-A196-4B5E9281099F}.Release|x64.Build.0 = Release|Any CPU
		{D16C0BDF-9D13-4403-A196-4B5E9281099F}.Release|x86.ActiveCfg = Release|Any CPU
		{D16C0BDF-9D13-4403-A196-4B5E9281099F}.Release|x86.Build.0 = Release|Any CPU
		{18172765-6300-4357-95ED-0E445042220B}.Debug|Any CPU.ActiveCfg = Debug|Any CPU
		{18172765-6300-4357-95ED-0E445042220B}.Debug|Any CPU.Build.0 = Debug|Any CPU
		{18172765-6300-4357-95ED-0E445042220B}.Debug|x64.ActiveCfg = Debug|Any CPU
		{18172765-6300-4357-95ED-0E445042220B}.Debug|x64.Build.0 = Debug|Any CPU
		{18172765-6300-4357-95ED-0E445042220B}.Debug|x86.ActiveCfg = Debug|Any CPU
		{18172765-6300-4357-95ED-0E445042220B}.Debug|x86.Build.0 = Debug|Any CPU
		{18172765-6300-4357-95ED-0E445042220B}.Release|Any CPU.ActiveCfg = Release|Any CPU
		{18172765-6300-4357-95ED-0E445042220B}.Release|Any CPU.Build.0 = Release|Any CPU
		{18172765-6300-4357-95ED-0E445042220B}.Release|x64.ActiveCfg = Release|Any CPU
		{18172765-6300-4357-95ED-0E445042220B}.Release|x64.Build.0 = Release|Any CPU
		{18172765-6300-4357-95ED-0E445042220B}.Release|x86.ActiveCfg = Release|Any CPU
		{18172765-6300-4357-95ED-0E445042220B}.Release|x86.Build.0 = Release|Any CPU
		{1E28DE7C-7AB8-46E2-BF3E-38B1ABE4C3DE}.Debug|Any CPU.ActiveCfg = Debug|Any CPU
		{1E28DE7C-7AB8-46E2-BF3E-38B1ABE4C3DE}.Debug|Any CPU.Build.0 = Debug|Any CPU
		{1E28DE7C-7AB8-46E2-BF3E-38B1ABE4C3DE}.Debug|x64.ActiveCfg = Debug|Any CPU
		{1E28DE7C-7AB8-46E2-BF3E-38B1ABE4C3DE}.Debug|x64.Build.0 = Debug|Any CPU
		{1E28DE7C-7AB8-46E2-BF3E-38B1ABE4C3DE}.Debug|x86.ActiveCfg = Debug|Any CPU
		{1E28DE7C-7AB8-46E2-BF3E-38B1ABE4C3DE}.Debug|x86.Build.0 = Debug|Any CPU
		{1E28DE7C-7AB8-46E2-BF3E-38B1ABE4C3DE}.Release|Any CPU.ActiveCfg = Release|Any CPU
		{1E28DE7C-7AB8-46E2-BF3E-38B1ABE4C3DE}.Release|Any CPU.Build.0 = Release|Any CPU
		{1E28DE7C-7AB8-46E2-BF3E-38B1ABE4C3DE}.Release|x64.ActiveCfg = Release|Any CPU
		{1E28DE7C-7AB8-46E2-BF3E-38B1ABE4C3DE}.Release|x64.Build.0 = Release|Any CPU
		{1E28DE7C-7AB8-46E2-BF3E-38B1ABE4C3DE}.Release|x86.ActiveCfg = Release|Any CPU
		{1E28DE7C-7AB8-46E2-BF3E-38B1ABE4C3DE}.Release|x86.Build.0 = Release|Any CPU
		{D0B0EDFD-0F13-48E5-86E1-0B6A81CECD3C}.Debug|Any CPU.ActiveCfg = Debug|Any CPU
		{D0B0EDFD-0F13-48E5-86E1-0B6A81CECD3C}.Debug|Any CPU.Build.0 = Debug|Any CPU
		{D0B0EDFD-0F13-48E5-86E1-0B6A81CECD3C}.Debug|x64.ActiveCfg = Debug|Any CPU
		{D0B0EDFD-0F13-48E5-86E1-0B6A81CECD3C}.Debug|x64.Build.0 = Debug|Any CPU
		{D0B0EDFD-0F13-48E5-86E1-0B6A81CECD3C}.Debug|x86.ActiveCfg = Debug|Any CPU
		{D0B0EDFD-0F13-48E5-86E1-0B6A81CECD3C}.Debug|x86.Build.0 = Debug|Any CPU
		{D0B0EDFD-0F13-48E5-86E1-0B6A81CECD3C}.Release|Any CPU.ActiveCfg = Release|Any CPU
		{D0B0EDFD-0F13-48E5-86E1-0B6A81CECD3C}.Release|Any CPU.Build.0 = Release|Any CPU
		{D0B0EDFD-0F13-48E5-86E1-0B6A81CECD3C}.Release|x64.ActiveCfg = Release|Any CPU
		{D0B0EDFD-0F13-48E5-86E1-0B6A81CECD3C}.Release|x64.Build.0 = Release|Any CPU
		{D0B0EDFD-0F13-48E5-86E1-0B6A81CECD3C}.Release|x86.ActiveCfg = Release|Any CPU
		{D0B0EDFD-0F13-48E5-86E1-0B6A81CECD3C}.Release|x86.Build.0 = Release|Any CPU
		{C5220A97-3C38-4F98-A970-6DCA8ED2A0ED}.Debug|Any CPU.ActiveCfg = Debug|Any CPU
		{C5220A97-3C38-4F98-A970-6DCA8ED2A0ED}.Debug|Any CPU.Build.0 = Debug|Any CPU
		{C5220A97-3C38-4F98-A970-6DCA8ED2A0ED}.Debug|x64.ActiveCfg = Debug|Any CPU
		{C5220A97-3C38-4F98-A970-6DCA8ED2A0ED}.Debug|x64.Build.0 = Debug|Any CPU
		{C5220A97-3C38-4F98-A970-6DCA8ED2A0ED}.Debug|x86.ActiveCfg = Debug|Any CPU
		{C5220A97-3C38-4F98-A970-6DCA8ED2A0ED}.Debug|x86.Build.0 = Debug|Any CPU
		{C5220A97-3C38-4F98-A970-6DCA8ED2A0ED}.Release|Any CPU.ActiveCfg = Release|Any CPU
		{C5220A97-3C38-4F98-A970-6DCA8ED2A0ED}.Release|Any CPU.Build.0 = Release|Any CPU
		{C5220A97-3C38-4F98-A970-6DCA8ED2A0ED}.Release|x64.ActiveCfg = Release|Any CPU
		{C5220A97-3C38-4F98-A970-6DCA8ED2A0ED}.Release|x64.Build.0 = Release|Any CPU
		{C5220A97-3C38-4F98-A970-6DCA8ED2A0ED}.Release|x86.ActiveCfg = Release|Any CPU
		{C5220A97-3C38-4F98-A970-6DCA8ED2A0ED}.Release|x86.Build.0 = Release|Any CPU
	EndGlobalSection
	GlobalSection(SolutionProperties) = preSolution
		HideSolutionNode = FALSE
	EndGlobalSection
	GlobalSection(NestedProjects) = preSolution
		{0E075225-0B5C-4435-A159-FB7AD090CF15} = {68E8EB20-4AD9-41CF-95D4-1F44534635B5}
		{DE0FD54B-39B4-41B4-BD05-0D07D51C87F3} = {68E8EB20-4AD9-41CF-95D4-1F44534635B5}
		{FC8E8672-EE1C-4924-B025-985B222941E8} = {68E8EB20-4AD9-41CF-95D4-1F44534635B5}
		{D16C0BDF-9D13-4403-A196-4B5E9281099F} = {68E8EB20-4AD9-41CF-95D4-1F44534635B5}
		{18172765-6300-4357-95ED-0E445042220B} = {68E8EB20-4AD9-41CF-95D4-1F44534635B5}
		{D68E5C90-79C0-423F-9D29-0369E8CD30BA} = {A5158599-C1D9-479A-AB68-E8BE3C293389}
		{1E28DE7C-7AB8-46E2-BF3E-38B1ABE4C3DE} = {D68E5C90-79C0-423F-9D29-0369E8CD30BA}
		{BE5F7289-3C4E-492B-A79B-862A1FD3A21C} = {A5158599-C1D9-479A-AB68-E8BE3C293389}
		{D0B0EDFD-0F13-48E5-86E1-0B6A81CECD3C} = {BE5F7289-3C4E-492B-A79B-862A1FD3A21C}
		{C5220A97-3C38-4F98-A970-6DCA8ED2A0ED} = {68E8EB20-4AD9-41CF-95D4-1F44534635B5}
	EndGlobalSection
	GlobalSection(ExtensibilityGlobals) = postSolution
		SolutionGuid = {CAB7FE5C-4CF4-4A00-8F33-628E860320DB}
	EndGlobalSection
EndGlobal
